
Microsoft Visual Studio Solution File, Format Version 12.00
# Visual Studio Version 17
VisualStudioVersion = 17.5.33502.453
MinimumVisualStudioVersion = 10.0.40219.1
Project("{FAE04EC0-301F-11D3-BF4B-00C04F79EFBC}") = "Test.Ocr", "Test.Ocr\Test.Ocr.csproj", "{F0855E3D-EC15-4AD2-862D-6CAD44AFAEE1}"
EndProject
Project("{2150E333-8FDC-42A3-9474-1A3956D46DE8}") = "Solution Items", "Solution Items", "{F38F7C2F-EC62-4E6A-88B8-D94347DD7A50}"
	ProjectSection(SolutionItems) = preProject
		..\..\.gitignore = ..\..\.gitignore
	EndProjectSection
EndProject
Global
	GlobalSection(SolutionConfigurationPlatforms) = preSolution
		Debug|Any CPU = Debug|Any CPU
		Release|Any CPU = Release|Any CPU
	EndGlobalSection
	GlobalSection(ProjectConfigurationPlatforms) = postSolution
		{F0855E3D-EC15-4AD2-862D-6CAD44AFAEE1}.Debug|Any CPU.ActiveCfg = Debug|Any CPU
		{F0855E3D-EC15-4AD2-862D-6CAD44AFAEE1}.Debug|Any CPU.Build.0 = Debug|Any CPU
		{F0855E3D-EC15-4AD2-862D-6CAD44AFAEE1}.Release|Any CPU.ActiveCfg = Release|Any CPU
		{F0855E3D-EC15-4AD2-862D-6CAD44AFAEE1}.Release|Any CPU.Build.0 = Release|Any CPU
	EndGlobalSection
	GlobalSection(SolutionProperties) = preSolution
		HideSolutionNode = FALSE
	EndGlobalSection
	GlobalSection(ExtensibilityGlobals) = postSolution
		SolutionGuid = {54E9499F-50DF-43FA-BA85-CAEEFA6072F7}
	EndGlobalSection
EndGlobal
